// !$*UTF8*$!
{
	archiveVersion = 1;
	classes = {
	};
	objectVersion = 46;
	objects = {

/* Begin PBXBuildFile section */
		23C5DBB61ADF17B600552C31 /* www in Resources */ = {isa = PBXBuildFile; fileRef = 23C5DBB51ADF17B600552C31 /* www */; };
		23D31CB11AA901840047687E /* main.m in Sources */ = {isa = PBXBuildFile; fileRef = 23D31CB01AA901840047687E /* main.m */; };
		23D31CB41AA901840047687E /* AppDelegate.m in Sources */ = {isa = PBXBuildFile; fileRef = 23D31CB31AA901840047687E /* AppDelegate.m */; };
		23D31CB71AA901840047687E /* ViewController.m in Sources */ = {isa = PBXBuildFile; fileRef = 23D31CB61AA901840047687E /* ViewController.m */; };
		23D31CBC1AA901840047687E /* Images.xcassets in Resources */ = {isa = PBXBuildFile; fileRef = 23D31CBB1AA901840047687E /* Images.xcassets */; };
		23D31CBF1AA901840047687E /* LaunchScreen.xib in Resources */ = {isa = PBXBuildFile; fileRef = 23D31CBD1AA901840047687E /* LaunchScreen.xib */; };
		23D31CCB1AA901840047687E /* PainReportTests.m in Sources */ = {isa = PBXBuildFile; fileRef = 23D31CCA1AA901840047687E /* PainReportTests.m */; };
/* End PBXBuildFile section */

/* Begin PBXContainerItemProxy section */
		23D31CC51AA901840047687E /* PBXContainerItemProxy */ = {
			isa = PBXContainerItemProxy;
			containerPortal = 23D31CA31AA901840047687E /* Project object */;
			proxyType = 1;
			remoteGlobalIDString = 23D31CAA1AA901840047687E;
			remoteInfo = PainReport;
		};
/* End PBXContainerItemProxy section */

/* Begin PBXFileReference section */
		23C5DBB51ADF17B600552C31 /* www */ = {isa = PBXFileReference; lastKnownFileType = folder; path = www; sourceTree = "<group>"; };
		23D31CAB1AA901840047687E /* PainReport.app */ = {isa = PBXFileReference; explicitFileType = wrapper.application; includeInIndex = 0; path = PainReport.app; sourceTree = BUILT_PRODUCTS_DIR; };
		23D31CAF1AA901840047687E /* Info.plist */ = {isa = PBXFileReference; lastKnownFileType = text.plist.xml; path = Info.plist; sourceTree = "<group>"; };
		23D31CB01AA901840047687E /* main.m */ = {isa = PBXFileReference; lastKnownFileType = sourcecode.c.objc; path = main.m; sourceTree = "<group>"; };
		23D31CB21AA901840047687E /* AppDelegate.h */ = {isa = PBXFileReference; lastKnownFileType = sourcecode.c.h; path = AppDelegate.h; sourceTree = "<group>"; };
		23D31CB31AA901840047687E /* AppDelegate.m */ = {isa = PBXFileReference; lastKnownFileType = sourcecode.c.objc; path = AppDelegate.m; sourceTree = "<group>"; };
		23D31CB51AA901840047687E /* ViewController.h */ = {isa = PBXFileReference; lastKnownFileType = sourcecode.c.h; path = ViewController.h; sourceTree = "<group>"; };
		23D31CB61AA901840047687E /* ViewController.m */ = {isa = PBXFileReference; lastKnownFileType = sourcecode.c.objc; path = ViewController.m; sourceTree = "<group>"; };
		23D31CBB1AA901840047687E /* Images.xcassets */ = {isa = PBXFileReference; lastKnownFileType = folder.assetcatalog; path = Images.xcassets; sourceTree = "<group>"; };
		23D31CBE1AA901840047687E /* Base */ = {isa = PBXFileReference; lastKnownFileType = file.xib; name = Base; path = Base.lproj/LaunchScreen.xib; sourceTree = "<group>"; };
		23D31CC41AA901840047687E /* PainReportTests.xctest */ = {isa = PBXFileReference; explicitFileType = wrapper.cfbundle; includeInIndex = 0; path = PainReportTests.xctest; sourceTree = BUILT_PRODUCTS_DIR; };
		23D31CC91AA901840047687E /* Info.plist */ = {isa = PBXFileReference; lastKnownFileType = text.plist.xml; path = Info.plist; sourceTree = "<group>"; };
		23D31CCA1AA901840047687E /* PainReportTests.m */ = {isa = PBXFileReference; lastKnownFileType = sourcecode.c.objc; path = PainReportTests.m; sourceTree = "<group>"; };
/* End PBXFileReference section */

/* Begin PBXFrameworksBuildPhase section */
		23D31CA81AA901840047687E /* Frameworks */ = {
			isa = PBXFrameworksBuildPhase;
			buildActionMask = 2147483647;
			files = (
			);
			runOnlyForDeploymentPostprocessing = 0;
		};
		23D31CC11AA901840047687E /* Frameworks */ = {
			isa = PBXFrameworksBuildPhase;
			buildActionMask = 2147483647;
			files = (
			);
			runOnlyForDeploymentPostprocessing = 0;
		};
/* End PBXFrameworksBuildPhase section */

/* Begin PBXGroup section */
		23D31CA21AA901840047687E = {
			isa = PBXGroup;
			children = (
				23D31CAD1AA901840047687E /* PainReport */,
				23D31CC71AA901840047687E /* PainReportTests */,
				23D31CAC1AA901840047687E /* Products */,
			);
			sourceTree = "<group>";
		};
		23D31CAC1AA901840047687E /* Products */ = {
			isa = PBXGroup;
			children = (
				23D31CAB1AA901840047687E /* PainReport.app */,
				23D31CC41AA901840047687E /* PainReportTests.xctest */,
			);
			name = Products;
			sourceTree = "<group>";
		};
		23D31CAD1AA901840047687E /* PainReport */ = {
			isa = PBXGroup;
			children = (
				23D31CB21AA901840047687E /* AppDelegate.h */,
				23D31CB31AA901840047687E /* AppDelegate.m */,
				23D31CB51AA901840047687E /* ViewController.h */,
				23D31CB61AA901840047687E /* ViewController.m */,
				23D31CBB1AA901840047687E /* Images.xcassets */,
				23D31CBD1AA901840047687E /* LaunchScreen.xib */,
				23D31CAE1AA901840047687E /* Supporting Files */,
			);
			path = PainReport;
			sourceTree = "<group>";
		};
		23D31CAE1AA901840047687E /* Supporting Files */ = {
			isa = PBXGroup;
			children = (
				23C5DBB51ADF17B600552C31 /* www */,
				23D31CAF1AA901840047687E /* Info.plist */,
				23D31CB01AA901840047687E /* main.m */,
			);
			name = "Supporting Files";
			sourceTree = "<group>";
		};
		23D31CC71AA901840047687E /* PainReportTests */ = {
			isa = PBXGroup;
			children = (
				23D31CCA1AA901840047687E /* PainReportTests.m */,
				23D31CC81AA901840047687E /* Supporting Files */,
			);
			path = PainReportTests;
			sourceTree = "<group>";
		};
		23D31CC81AA901840047687E /* Supporting Files */ = {
			isa = PBXGroup;
			children = (
				23D31CC91AA901840047687E /* Info.plist */,
			);
			name = "Supporting Files";
			sourceTree = "<group>";
		};
/* End PBXGroup section */

/* Begin PBXNativeTarget section */
		23D31CAA1AA901840047687E /* PainReport */ = {
			isa = PBXNativeTarget;
			buildConfigurationList = 23D31CCE1AA901840047687E /* Build configuration list for PBXNativeTarget "PainReport" */;
			buildPhases = (
				23D31CA71AA901840047687E /* Sources */,
				23D31CA81AA901840047687E /* Frameworks */,
				23D31CA91AA901840047687E /* Resources */,
			);
			buildRules = (
			);
			dependencies = (
			);
			name = PainReport;
			productName = PainReport;
			productReference = 23D31CAB1AA901840047687E /* PainReport.app */;
			productType = "com.apple.product-type.application";
		};
		23D31CC31AA901840047687E /* PainReportTests */ = {
			isa = PBXNativeTarget;
			buildConfigurationList = 23D31CD11AA901840047687E /* Build configuration list for PBXNativeTarget "PainReportTests" */;
			buildPhases = (
				23D31CC01AA901840047687E /* Sources */,
				23D31CC11AA901840047687E /* Frameworks */,
				23D31CC21AA901840047687E /* Resources */,
			);
			buildRules = (
			);
			dependencies = (
				23D31CC61AA901840047687E /* PBXTargetDependency */,
			);
			name = PainReportTests;
			productName = PainReportTests;
			productReference = 23D31CC41AA901840047687E /* PainReportTests.xctest */;
			productType = "com.apple.product-type.bundle.unit-test";
		};
/* End PBXNativeTarget section */

/* Begin PBXProject section */
		23D31CA31AA901840047687E /* Project object */ = {
			isa = PBXProject;
			attributes = {
				LastUpgradeCheck = 0610;
				ORGANIZATIONNAME = cnmc;
				TargetAttributes = {
					23D31CAA1AA901840047687E = {
						CreatedOnToolsVersion = 6.1.1;
						DevelopmentTeam = XMQ7NRDCMM;
					};
					23D31CC31AA901840047687E = {
						CreatedOnToolsVersion = 6.1.1;
						TestTargetID = 23D31CAA1AA901840047687E;
					};
				};
			};
			buildConfigurationList = 23D31CA61AA901840047687E /* Build configuration list for PBXProject "PainReport" */;
			compatibilityVersion = "Xcode 3.2";
			developmentRegion = English;
			hasScannedForEncodings = 0;
			knownRegions = (
				en,
				Base,
			);
			mainGroup = 23D31CA21AA901840047687E;
			productRefGroup = 23D31CAC1AA901840047687E /* Products */;
			projectDirPath = "";
			projectRoot = "";
			targets = (
				23D31CAA1AA901840047687E /* PainReport */,
				23D31CC31AA901840047687E /* PainReportTests */,
			);
		};
/* End PBXProject section */

/* Begin PBXResourcesBuildPhase section */
		23D31CA91AA901840047687E /* Resources */ = {
			isa = PBXResourcesBuildPhase;
			buildActionMask = 2147483647;
			files = (
				23C5DBB61ADF17B600552C31 /* www in Resources */,
				23D31CBF1AA901840047687E /* LaunchScreen.xib in Resources */,
				23D31CBC1AA901840047687E /* Images.xcassets in Resources */,
			);
			runOnlyForDeploymentPostprocessing = 0;
		};
		23D31CC21AA901840047687E /* Resources */ = {
			isa = PBXResourcesBuildPhase;
			buildActionMask = 2147483647;
			files = (
			);
			runOnlyForDeploymentPostprocessing = 0;
		};
/* End PBXResourcesBuildPhase section */

/* Begin PBXSourcesBuildPhase section */
		23D31CA71AA901840047687E /* Sources */ = {
			isa = PBXSourcesBuildPhase;
			buildActionMask = 2147483647;
			files = (
				23D31CB71AA901840047687E /* ViewController.m in Sources */,
				23D31CB41AA901840047687E /* AppDelegate.m in Sources */,
				23D31CB11AA901840047687E /* main.m in Sources */,
			);
			runOnlyForDeploymentPostprocessing = 0;
		};
		23D31CC01AA901840047687E /* Sources */ = {
			isa = PBXSourcesBuildPhase;
			buildActionMask = 2147483647;
			files = (
				23D31CCB1AA901840047687E /* PainReportTests.m in Sources */,
			);
			runOnlyForDeploymentPostprocessing = 0;
		};
/* End PBXSourcesBuildPhase section */

/* Begin PBXTargetDependency section */
		23D31CC61AA901840047687E /* PBXTargetDependency */ = {
			isa = PBXTargetDependency;
			target = 23D31CAA1AA901840047687E /* PainReport */;
			targetProxy = 23D31CC51AA901840047687E /* PBXContainerItemProxy */;
		};
/* End PBXTargetDependency section */

/* Begin PBXVariantGroup section */
		23D31CBD1AA901840047687E /* LaunchScreen.xib */ = {
			isa = PBXVariantGroup;
			children = (
				23D31CBE1AA901840047687E /* Base */,
			);
			name = LaunchScreen.xib;
			sourceTree = "<group>";
		};
/* End PBXVariantGroup section */

/* Begin XCBuildConfiguration section */
		23D31CCC1AA901840047687E /* Debug */ = {
			isa = XCBuildConfiguration;
			buildSettings = {
				ALWAYS_SEARCH_USER_PATHS = NO;
				CLANG_CXX_LANGUAGE_STANDARD = "gnu++0x";
				CLANG_CXX_LIBRARY = "libc++";
				CLANG_ENABLE_MODULES = YES;
				CLANG_ENABLE_OBJC_ARC = YES;
				CLANG_WARN_BOOL_CONVERSION = YES;
				CLANG_WARN_CONSTANT_CONVERSION = YES;
				CLANG_WARN_DIRECT_OBJC_ISA_USAGE = YES_ERROR;
				CLANG_WARN_EMPTY_BODY = YES;
				CLANG_WARN_ENUM_CONVERSION = YES;
				CLANG_WARN_INT_CONVERSION = YES;
				CLANG_WARN_OBJC_ROOT_CLASS = YES_ERROR;
				CLANG_WARN_UNREACHABLE_CODE = YES;
				CLANG_WARN__DUPLICATE_METHOD_MATCH = YES;
				"CODE_SIGN_IDENTITY[sdk=iphoneos*]" = "iPhone Developer";
				COPY_PHASE_STRIP = NO;
				ENABLE_STRICT_OBJC_MSGSEND = YES;
				GCC_C_LANGUAGE_STANDARD = gnu99;
				GCC_DYNAMIC_NO_PIC = NO;
				GCC_OPTIMIZATION_LEVEL = 0;
				GCC_PREPROCESSOR_DEFINITIONS = (
					"DEBUG=1",
					"$(inherited)",
				);
				GCC_SYMBOLS_PRIVATE_EXTERN = NO;
				GCC_WARN_64_TO_32_BIT_CONVERSION = YES;
				GCC_WARN_ABOUT_RETURN_TYPE = YES_ERROR;
				GCC_WARN_UNDECLARED_SELECTOR = YES;
				GCC_WARN_UNINITIALIZED_AUTOS = YES_AGGRESSIVE;
				GCC_WARN_UNUSED_FUNCTION = YES;
				GCC_WARN_UNUSED_VARIABLE = YES;
				IPHONEOS_DEPLOYMENT_TARGET = 8.1;
				MTL_ENABLE_DEBUG_INFO = YES;
				ONLY_ACTIVE_ARCH = YES;
				SDKROOT = iphoneos;
				TARGETED_DEVICE_FAMILY = "1,2";
			};
			name = Debug;
		};
		23D31CCD1AA901840047687E /* Release */ = {
			isa = XCBuildConfiguration;
			buildSettings = {
				ALWAYS_SEARCH_USER_PATHS = NO;
				CLANG_CXX_LANGUAGE_STANDARD = "gnu++0x";
				CLANG_CXX_LIBRARY = "libc++";
				CLANG_ENABLE_MODULES = YES;
				CLANG_ENABLE_OBJC_ARC = YES;
				CLANG_WARN_BOOL_CONVERSION = YES;
				CLANG_WARN_CONSTANT_CONVERSION = YES;
				CLANG_WARN_DIRECT_OBJC_ISA_USAGE = YES_ERROR;
				CLANG_WARN_EMPTY_BODY = YES;
				CLANG_WARN_ENUM_CONVERSION = YES;
				CLANG_WARN_INT_CONVERSION = YES;
				CLANG_WARN_OBJC_ROOT_CLASS = YES_ERROR;
				CLANG_WARN_UNREACHABLE_CODE = YES;
				CLANG_WARN__DUPLICATE_METHOD_MATCH = YES;
				"CODE_SIGN_IDENTITY[sdk=iphoneos*]" = "iPhone Developer";
				COPY_PHASE_STRIP = YES;
				ENABLE_NS_ASSERTIONS = NO;
				ENABLE_STRICT_OBJC_MSGSEND = YES;
				GCC_C_LANGUAGE_STANDARD = gnu99;
				GCC_WARN_64_TO_32_BIT_CONVERSION = YES;
				GCC_WARN_ABOUT_RETURN_TYPE = YES_ERROR;
				GCC_WARN_UNDECLARED_SELECTOR = YES;
				GCC_WARN_UNINITIALIZED_AUTOS = YES_AGGRESSIVE;
				GCC_WARN_UNUSED_FUNCTION = YES;
				GCC_WARN_UNUSED_VARIABLE = YES;
				IPHONEOS_DEPLOYMENT_TARGET = 8.1;
				MTL_ENABLE_DEBUG_INFO = NO;
				SDKROOT = iphoneos;
				TARGETED_DEVICE_FAMILY = "1,2";
				VALIDATE_PRODUCT = YES;
			};
			name = Release;
		};
		23D31CCF1AA901840047687E /* Debug */ = {
			isa = XCBuildConfiguration;
			buildSettings = {
				ASSETCATALOG_COMPILER_APPICON_NAME = AppIcon;
				INFOPLIST_FILE = PainReport/Info.plist;
				IPHONEOS_DEPLOYMENT_TARGET = 7.1;
				LD_RUNPATH_SEARCH_PATHS = "$(inherited) @executable_path/Frameworks";
				PRODUCT_NAME = "$(TARGET_NAME)";
			};
			name = Debug;
		};
		23D31CD01AA901840047687E /* Release */ = {
			isa = XCBuildConfiguration;
			buildSettings = {
				ASSETCATALOG_COMPILER_APPICON_NAME = AppIcon;
				INFOPLIST_FILE = PainReport/Info.plist;
				IPHONEOS_DEPLOYMENT_TARGET = 7.1;
				LD_RUNPATH_SEARCH_PATHS = "$(inherited) @executable_path/Frameworks";
				PRODUCT_NAME = "$(TARGET_NAME)";
			};
			name = Release;
		};
		23D31CD21AA901840047687E /* Debug */ = {
			isa = XCBuildConfiguration;
			buildSettings = {
				BUNDLE_LOADER = "$(TEST_HOST)";
				FRAMEWORK_SEARCH_PATHS = (
					"$(SDKROOT)/Developer/Library/Frameworks",
					"$(inherited)",
				);
				GCC_PREPROCESSOR_DEFINITIONS = (
					"DEBUG=1",
					"$(inherited)",
				);
				INFOPLIST_FILE = PainReportTests/Info.plist;
				LD_RUNPATH_SEARCH_PATHS = "$(inherited) @executable_path/Frameworks @loader_path/Frameworks";
				PRODUCT_NAME = "$(TARGET_NAME)";
				TEST_HOST = "$(BUILT_PRODUCTS_DIR)/PainReport.app/PainReport";
			};
			name = Debug;
		};
		23D31CD31AA901840047687E /* Release */ = {
			isa = XCBuildConfiguration;
			buildSettings = {
				BUNDLE_LOADER = "$(TEST_HOST)";
				FRAMEWORK_SEARCH_PATHS = (
					"$(SDKROOT)/Developer/Library/Frameworks",
					"$(inherited)",
				);
				INFOPLIST_FILE = PainReportTests/Info.plist;
				LD_RUNPATH_SEARCH_PATHS = "$(inherited) @executable_path/Frameworks @loader_path/Frameworks";
				PRODUCT_NAME = "$(TARGET_NAME)";
				TEST_HOST = "$(BUILT_PRODUCTS_DIR)/PainReport.app/PainReport";
			};
			name = Release;
		};
/* End XCBuildConfiguration section */

/* Begin XCConfigurationList section */
		23D31CA61AA901840047687E /* Build configuration list for PBXProject "PainReport" */ = {
			isa = XCConfigurationList;
			buildConfigurations = (
				23D31CCC1AA901840047687E /* Debug */,
				23D31CCD1AA901840047687E /* Release */,
			);
			defaultConfigurationIsVisible = 0;
			defaultConfigurationName = Release;
		};
		23D31CCE1AA901840047687E /* Build configuration list for PBXNativeTarget "PainReport" */ = {
			isa = XCConfigurationList;
			buildConfigurations = (
				23D31CCF1AA901840047687E /* Debug */,
				23D31CD01AA901840047687E /* Release */,
			);
			defaultConfigurationIsVisible = 0;
			defaultConfigurationName = Release;
		};
		23D31CD11AA901840047687E /* Build configuration list for PBXNativeTarget "PainReportTests" */ = {
			isa = XCConfigurationList;
			buildConfigurations = (
				23D31CD21AA901840047687E /* Debug */,
				23D31CD31AA901840047687E /* Release */,
			);
			defaultConfigurationIsVisible = 0;
			defaultConfigurationName = Release;
		};
/* End XCConfigurationList section */
	};
	rootObject = 23D31CA31AA901840047687E /* Project object */;
}
